{
  "originHash" : "5fdfe48001ec9270f523296bb07696c525da68412b4311316766541057fcdc34",
  "pins" : [
    {
      "identity" : "sentry-cocoa",
      "kind" : "remoteSourceControl",
      "location" : "https://github.com/getsentry/sentry-cocoa/",
      "state" : {
        "revision" : "5575af93efb776414f243e93d6af9f6258dc539a",
        "version" : "8.36.0"
      }
    }
  ],
  "version" : 3
}
